
Microsoft Visual Studio Solution File, Format Version 12.00
# Visual Studio Version 16
VisualStudioVersion = 16.0.31402.337
MinimumVisualStudioVersion = 10.0.40219.1
Project("{9A19103F-16F7-4668-BE54-9A1E7A4F7556}") = "FAWebTest.Specs", "FAWebTest.Specs\FAWebTest.Specs.csproj", "{5BEE751A-9EE0-452D-9C0C-405476BA37BF}"
EndProject
Global
	GlobalSection(SolutionConfigurationPlatforms) = preSolution
		Debug|Any CPU = Debug|Any CPU
		Release|Any CPU = Release|Any CPU
	EndGlobalSection
	GlobalSection(ProjectConfigurationPlatforms) = postSolution
		{5BEE751A-9EE0-452D-9C0C-405476BA37BF}.Debug|Any CPU.ActiveCfg = Debug|Any CPU
		{5BEE751A-9EE0-452D-9C0C-405476BA37BF}.Debug|Any CPU.Build.0 = Debug|Any CPU
		{5BEE751A-9EE0-452D-9C0C-405476BA37BF}.Release|Any CPU.ActiveCfg = Release|Any CPU
		{5BEE751A-9EE0-452D-9C0C-405476BA37BF}.Release|Any CPU.Build.0 = Release|Any CPU
	EndGlobalSection
	GlobalSection(SolutionProperties) = preSolution
		HideSolutionNode = FALSE
	EndGlobalSection
	GlobalSection(ExtensibilityGlobals) = postSolution
		SolutionGuid = {39C420CB-2992-4EE7-8BE4-7B551D85E8FB}
	EndGlobalSection
EndGlobal
